
Microsoft Visual Studio Solution File, Format Version 12.00
# Visual Studio Version 16
VisualStudioVersion = 16.0.30907.101
MinimumVisualStudioVersion = 10.0.40219.1
Project("{9A19103F-16F7-4668-BE54-9A1E7A4F7556}") = "Web_OperacionesN", "Web_OperacionesN\Web_OperacionesN.csproj", "{A3C5CDBD-22D4-42ED-B237-1FED9860F69E}"
EndProject
Project("{FAE04EC0-301F-11D3-BF4B-00C04F79EFBC}") = "NUnitTestCalculadora", "NUnitTestCalculadora\NUnitTestCalculadora.csproj", "{DA47841D-A279-4C93-B172-192840F843DD}"
EndProject
Global
	GlobalSection(SolutionConfigurationPlatforms) = preSolution
		Debug|Any CPU = Debug|Any CPU
		Release|Any CPU = Release|Any CPU
	EndGlobalSection
	GlobalSection(ProjectConfigurationPlatforms) = postSolution
		{A3C5CDBD-22D4-42ED-B237-1FED9860F69E}.Debug|Any CPU.ActiveCfg = Debug|Any CPU
		{A3C5CDBD-22D4-42ED-B237-1FED9860F69E}.Debug|Any CPU.Build.0 = Debug|Any CPU
		{A3C5CDBD-22D4-42ED-B237-1FED9860F69E}.Release|Any CPU.ActiveCfg = Release|Any CPU
		{A3C5CDBD-22D4-42ED-B237-1FED9860F69E}.Release|Any CPU.Build.0 = Release|Any CPU
		{DA47841D-A279-4C93-B172-192840F843DD}.Debug|Any CPU.ActiveCfg = Debug|Any CPU
		{DA47841D-A279-4C93-B172-192840F843DD}.Debug|Any CPU.Build.0 = Debug|Any CPU
		{DA47841D-A279-4C93-B172-192840F843DD}.Release|Any CPU.ActiveCfg = Release|Any CPU
		{DA47841D-A279-4C93-B172-192840F843DD}.Release|Any CPU.Build.0 = Release|Any CPU
	EndGlobalSection
	GlobalSection(SolutionProperties) = preSolution
		HideSolutionNode = FALSE
	EndGlobalSection
	GlobalSection(ExtensibilityGlobals) = postSolution
		SolutionGuid = {99715A2C-47B6-4150-81F5-CB3B871EA4D0}
	EndGlobalSection
EndGlobal
